// !$*UTF8*$!
{
	archiveVersion = 1;
	classes = {
	};
	objectVersion = 46;
	objects = {

/* Begin PBXBuildFile section */
		F700B0081D5E1B0C00C56CC4 /* Plugin_Debug.xcconfig in Resources */ = {isa = PBXBuildFile; fileRef = F700B0051D5E1B0C00C56CC4 /* Plugin_Debug.xcconfig */; };
		F700B0091D5E1B0C00C56CC4 /* Plugin_Release.xcconfig in Resources */ = {isa = PBXBuildFile; fileRef = F700B0061D5E1B0C00C56CC4 /* Plugin_Release.xcconfig */; };
		F700B00A1D5E1B0C00C56CC4 /* Plugin.xcconfig in Resources */ = {isa = PBXBuildFile; fileRef = F700B0071D5E1B0C00C56CC4 /* Plugin.xcconfig */; };
		F700B00F1D5E1CE400C56CC4 /* ZmqInterface.cpp in Sources */ = {isa = PBXBuildFile; fileRef = F700B00B1D5E1CE400C56CC4 /* ZmqInterface.cpp */; };
		F700B0101D5E1CE400C56CC4 /* ZmqInterfaceEditor.cpp in Sources */ = {isa = PBXBuildFile; fileRef = F700B00D1D5E1CE400C56CC4 /* ZmqInterfaceEditor.cpp */; };
		F700B0131D5E286D00C56CC4 /* OpenEphysLib.cpp in Sources */ = {isa = PBXBuildFile; fileRef = F700B0121D5E286D00C56CC4 /* OpenEphysLib.cpp */; };
/* End PBXBuildFile section */

/* Begin PBXFileReference section */
		F700B0051D5E1B0C00C56CC4 /* Plugin_Debug.xcconfig */ = {isa = PBXFileReference; fileEncoding = 4; lastKnownFileType = text.xcconfig; name = Plugin_Debug.xcconfig; path = Config/Plugin_Debug.xcconfig; sourceTree = "<group>"; };
		F700B0061D5E1B0C00C56CC4 /* Plugin_Release.xcconfig */ = {isa = PBXFileReference; fileEncoding = 4; lastKnownFileType = text.xcconfig; name = Plugin_Release.xcconfig; path = Config/Plugin_Release.xcconfig; sourceTree = "<group>"; };
		F700B0071D5E1B0C00C56CC4 /* Plugin.xcconfig */ = {isa = PBXFileReference; fileEncoding = 4; lastKnownFileType = text.xcconfig; name = Plugin.xcconfig; path = Config/Plugin.xcconfig; sourceTree = "<group>"; };
		F700B00B1D5E1CE400C56CC4 /* ZmqInterface.cpp */ = {isa = PBXFileReference; fileEncoding = 4; lastKnownFileType = sourcecode.cpp.cpp; name = ZmqInterface.cpp; path = ../../ZMQInterface/ZmqInterface.cpp; sourceTree = SOURCE_ROOT; };
		F700B00C1D5E1CE400C56CC4 /* ZmqInterface.h */ = {isa = PBXFileReference; fileEncoding = 4; lastKnownFileType = sourcecode.c.h; name = ZmqInterface.h; path = ../../../ZMQInterface/ZmqInterface.h; sourceTree = "<group>"; };
		F700B00D1D5E1CE400C56CC4 /* ZmqInterfaceEditor.cpp */ = {isa = PBXFileReference; fileEncoding = 4; lastKnownFileType = sourcecode.cpp.cpp; name = ZmqInterfaceEditor.cpp; path = ../../ZMQInterface/ZmqInterfaceEditor.cpp; sourceTree = SOURCE_ROOT; };
		F700B00E1D5E1CE400C56CC4 /* ZmqInterfaceEditor.h */ = {isa = PBXFileReference; fileEncoding = 4; lastKnownFileType = sourcecode.c.h; name = ZmqInterfaceEditor.h; path = ../../ZMQInterface/ZmqInterfaceEditor.h; sourceTree = SOURCE_ROOT; };
		F700B0121D5E286D00C56CC4 /* OpenEphysLib.cpp */ = {isa = PBXFileReference; fileEncoding = 4; lastKnownFileType = sourcecode.cpp.cpp; name = OpenEphysLib.cpp; path = /Users/fpbatta/src/ZMQInterface/ZMQInterface/OpenEphysLib.cpp; sourceTree = "<absolute>"; };
		F7F7D18B1D5E181500DCF6CF /* ZMQInterface.bundle */ = {isa = PBXFileReference; explicitFileType = wrapper.cfbundle; includeInIndex = 0; path = ZMQInterface.bundle; sourceTree = BUILT_PRODUCTS_DIR; };
		F7F7D18E1D5E181500DCF6CF /* Info.plist */ = {isa = PBXFileReference; lastKnownFileType = text.plist.xml; path = Info.plist; sourceTree = "<group>"; };
/* End PBXFileReference section */

/* Begin PBXFrameworksBuildPhase section */
		F7F7D1881D5E181500DCF6CF /* Frameworks */ = {
			isa = PBXFrameworksBuildPhase;
			buildActionMask = 2147483647;
			files = (
			);
			runOnlyForDeploymentPostprocessing = 0;
		};
/* End PBXFrameworksBuildPhase section */

/* Begin PBXGroup section */
		F700B0041D5E1AF500C56CC4 /* Config */ = {
			isa = PBXGroup;
			children = (
				F700B0051D5E1B0C00C56CC4 /* Plugin_Debug.xcconfig */,
				F700B0061D5E1B0C00C56CC4 /* Plugin_Release.xcconfig */,
				F700B0071D5E1B0C00C56CC4 /* Plugin.xcconfig */,
			);
			name = Config;
			sourceTree = "<group>";
		};
		F7F7D1821D5E181500DCF6CF = {
			isa = PBXGroup;
			children = (
				F700B0041D5E1AF500C56CC4 /* Config */,
				F7F7D18D1D5E181500DCF6CF /* ZMQInterface */,
				F7F7D18C1D5E181500DCF6CF /* Products */,
			);
			sourceTree = "<group>";
		};
		F7F7D18C1D5E181500DCF6CF /* Products */ = {
			isa = PBXGroup;
			children = (
				F7F7D18B1D5E181500DCF6CF /* ZMQInterface.bundle */,
			);
			name = Products;
			sourceTree = "<group>";
		};
		F7F7D18D1D5E181500DCF6CF /* ZMQInterface */ = {
			isa = PBXGroup;
			children = (
				F700B0121D5E286D00C56CC4 /* OpenEphysLib.cpp */,
				F700B00B1D5E1CE400C56CC4 /* ZmqInterface.cpp */,
				F700B00C1D5E1CE400C56CC4 /* ZmqInterface.h */,
				F700B00D1D5E1CE400C56CC4 /* ZmqInterfaceEditor.cpp */,
				F700B00E1D5E1CE400C56CC4 /* ZmqInterfaceEditor.h */,
				F7F7D18E1D5E181500DCF6CF /* Info.plist */,
			);
			path = ZMQInterface;
			sourceTree = SOURCE_ROOT;
		};
/* End PBXGroup section */

/* Begin PBXNativeTarget section */
		F7F7D18A1D5E181500DCF6CF /* ZMQInterface */ = {
			isa = PBXNativeTarget;
			buildConfigurationList = F7F7D1911D5E181500DCF6CF /* Build configuration list for PBXNativeTarget "ZMQInterface" */;
			buildPhases = (
				F7F7D1871D5E181500DCF6CF /* Sources */,
				F7F7D1881D5E181500DCF6CF /* Frameworks */,
				F7F7D1891D5E181500DCF6CF /* Resources */,
				F700B0111D5E240000C56CC4 /* ShellScript */,
			);
			buildRules = (
			);
			dependencies = (
			);
			name = ZMQInterface;
			productName = ZMQInterface;
			productReference = F7F7D18B1D5E181500DCF6CF /* ZMQInterface.bundle */;
			productType = "com.apple.product-type.bundle";
		};
/* End PBXNativeTarget section */

/* Begin PBXProject section */
		F7F7D1831D5E181500DCF6CF /* Project object */ = {
			isa = PBXProject;
			attributes = {
				LastUpgradeCheck = 0730;
				ORGANIZATIONNAME = "Francesco Battaglia";
				TargetAttributes = {
					F7F7D18A1D5E181500DCF6CF = {
						CreatedOnToolsVersion = 7.3.1;
					};
				};
			};
			buildConfigurationList = F7F7D1861D5E181500DCF6CF /* Build configuration list for PBXProject "ZMQInterface" */;
			compatibilityVersion = "Xcode 3.2";
			developmentRegion = English;
			hasScannedForEncodings = 0;
			knownRegions = (
				en,
			);
			mainGroup = F7F7D1821D5E181500DCF6CF;
			productRefGroup = F7F7D18C1D5E181500DCF6CF /* Products */;
			projectDirPath = "";
			projectRoot = "";
			targets = (
				F7F7D18A1D5E181500DCF6CF /* ZMQInterface */,
			);
		};
/* End PBXProject section */

/* Begin PBXResourcesBuildPhase section */
		F7F7D1891D5E181500DCF6CF /* Resources */ = {
			isa = PBXResourcesBuildPhase;
			buildActionMask = 2147483647;
			files = (
				F700B0081D5E1B0C00C56CC4 /* Plugin_Debug.xcconfig in Resources */,
				F700B00A1D5E1B0C00C56CC4 /* Plugin.xcconfig in Resources */,
				F700B0091D5E1B0C00C56CC4 /* Plugin_Release.xcconfig in Resources */,
			);
			runOnlyForDeploymentPostprocessing = 0;
		};
/* End PBXResourcesBuildPhase section */

/* Begin PBXShellScriptBuildPhase section */
		F700B0111D5E240000C56CC4 /* ShellScript */ = {
			isa = PBXShellScriptBuildPhase;
			buildActionMask = 2147483647;
			files = (
			);
			inputPaths = (
			);
			outputPaths = (
			);
			runOnlyForDeploymentPostprocessing = 0;
			shellPath = /bin/sh;
			shellScript = "cp -R ~/src/ZMQInterface/Builds/MacOSX/build/Debug/open-ephys.app/Contents/PlugIns/ZMQInterface.bundle ~/src/plugin-GUI/Builds/MacOSX/build/Debug/open-ephys.app/Contents/PlugIns";
		};
/* End PBXShellScriptBuildPhase section */

/* Begin PBXSourcesBuildPhase section */
		F7F7D1871D5E181500DCF6CF /* Sources */ = {
			isa = PBXSourcesBuildPhase;
			buildActionMask = 2147483647;
			files = (
				F700B0131D5E286D00C56CC4 /* OpenEphysLib.cpp in Sources */,
				F700B00F1D5E1CE400C56CC4 /* ZmqInterface.cpp in Sources */,
				F700B0101D5E1CE400C56CC4 /* ZmqInterfaceEditor.cpp in Sources */,
			);
			runOnlyForDeploymentPostprocessing = 0;
		};
/* End PBXSourcesBuildPhase section */

/* Begin XCBuildConfiguration section */
		F7F7D18F1D5E181500DCF6CF /* Debug */ = {
			isa = XCBuildConfiguration;
			baseConfigurationReference = F700B0051D5E1B0C00C56CC4 /* Plugin_Debug.xcconfig */;
			buildSettings = {
				ALWAYS_SEARCH_USER_PATHS = NO;
				CLANG_ANALYZER_NONNULL = YES;
				CLANG_CXX_LANGUAGE_STANDARD = "gnu++0x";
				CLANG_CXX_LIBRARY = "libc++";
				CLANG_ENABLE_MODULES = YES;
				CLANG_ENABLE_OBJC_ARC = YES;
				CLANG_WARN_BOOL_CONVERSION = YES;
				CLANG_WARN_CONSTANT_CONVERSION = YES;
				CLANG_WARN_DIRECT_OBJC_ISA_USAGE = YES_ERROR;
				CLANG_WARN_EMPTY_BODY = YES;
				CLANG_WARN_ENUM_CONVERSION = YES;
				CLANG_WARN_INT_CONVERSION = YES;
				CLANG_WARN_OBJC_ROOT_CLASS = YES_ERROR;
				CLANG_WARN_UNREACHABLE_CODE = YES;
				CLANG_WARN__DUPLICATE_METHOD_MATCH = YES;
				CODE_SIGN_IDENTITY = "-";
				CONFIGURATION_BUILD_DIR = "$(PROJECT_DIR)/build/$(CONFIGURATION)/open-ephys.app/Contents/PlugIns";
				COPY_PHASE_STRIP = NO;
				DEBUG_INFORMATION_FORMAT = dwarf;
				ENABLE_STRICT_OBJC_MSGSEND = YES;
				ENABLE_TESTABILITY = YES;
				GCC_C_LANGUAGE_STANDARD = gnu99;
				GCC_DYNAMIC_NO_PIC = NO;
				GCC_NO_COMMON_BLOCKS = YES;
				GCC_OPTIMIZATION_LEVEL = 0;
				GCC_PREPROCESSOR_DEFINITIONS = (
					"DEBUG=1",
					"$(inherited)",
				);
				GCC_WARN_64_TO_32_BIT_CONVERSION = YES;
				GCC_WARN_ABOUT_RETURN_TYPE = YES_ERROR;
				GCC_WARN_UNDECLARED_SELECTOR = YES;
				GCC_WARN_UNINITIALIZED_AUTOS = YES_AGGRESSIVE;
				GCC_WARN_UNUSED_FUNCTION = YES;
				GCC_WARN_UNUSED_VARIABLE = YES;
				MACOSX_DEPLOYMENT_TARGET = 10.11;
				MTL_ENABLE_DEBUG_INFO = YES;
				ONLY_ACTIVE_ARCH = YES;
				SDKROOT = macosx;
			};
			name = Debug;
		};
		F7F7D1901D5E181500DCF6CF /* Release */ = {
			isa = XCBuildConfiguration;
			baseConfigurationReference = F700B0061D5E1B0C00C56CC4 /* Plugin_Release.xcconfig */;
			buildSettings = {
				ALWAYS_SEARCH_USER_PATHS = NO;
				CLANG_ANALYZER_NONNULL = YES;
				CLANG_CXX_LANGUAGE_STANDARD = "gnu++0x";
				CLANG_CXX_LIBRARY = "libc++";
				CLANG_ENABLE_MODULES = YES;
				CLANG_ENABLE_OBJC_ARC = YES;
				CLANG_WARN_BOOL_CONVERSION = YES;
				CLANG_WARN_CONSTANT_CONVERSION = YES;
				CLANG_WARN_DIRECT_OBJC_ISA_USAGE = YES_ERROR;
				CLANG_WARN_EMPTY_BODY = YES;
				CLANG_WARN_ENUM_CONVERSION = YES;
				CLANG_WARN_INT_CONVERSION = YES;
				CLANG_WARN_OBJC_ROOT_CLASS = YES_ERROR;
				CLANG_WARN_UNREACHABLE_CODE = YES;
				CLANG_WARN__DUPLICATE_METHOD_MATCH = YES;
				CODE_SIGN_IDENTITY = "-";
				CONFIGURATION_BUILD_DIR = "$(PROJECT_DIR)/build/$(CONFIGURATION)/open-ephys.app/Contents/PlugIns";
				COPY_PHASE_STRIP = NO;
				DEBUG_INFORMATION_FORMAT = "dwarf-with-dsym";
				ENABLE_NS_ASSERTIONS = NO;
				ENABLE_STRICT_OBJC_MSGSEND = YES;
				GCC_C_LANGUAGE_STANDARD = gnu99;
				GCC_NO_COMMON_BLOCKS = YES;
				GCC_WARN_64_TO_32_BIT_CONVERSION = YES;
				GCC_WARN_ABOUT_RETURN_TYPE = YES_ERROR;
				GCC_WARN_UNDECLARED_SELECTOR = YES;
				GCC_WARN_UNINITIALIZED_AUTOS = YES_AGGRESSIVE;
				GCC_WARN_UNUSED_FUNCTION = YES;
				GCC_WARN_UNUSED_VARIABLE = YES;
				MACOSX_DEPLOYMENT_TARGET = 10.11;
				MTL_ENABLE_DEBUG_INFO = NO;
				SDKROOT = macosx;
			};
			name = Release;
		};
		F7F7D1921D5E181500DCF6CF /* Debug */ = {
			isa = XCBuildConfiguration;
			buildSettings = {
				COMBINE_HIDPI_IMAGES = YES;
				INFOPLIST_FILE = ZMQInterface/Info.plist;
				INSTALL_PATH = "$(LOCAL_LIBRARY_DIR)/Bundles";
				PRODUCT_BUNDLE_IDENTIFIER = nl.battaglia.ZMQInterface;
				PRODUCT_NAME = "$(TARGET_NAME)";
				SKIP_INSTALL = YES;
				WRAPPER_EXTENSION = bundle;
			};
			name = Debug;
		};
		F7F7D1931D5E181500DCF6CF /* Release */ = {
			isa = XCBuildConfiguration;
			buildSettings = {
				COMBINE_HIDPI_IMAGES = YES;
				INFOPLIST_FILE = ZMQInterface/Info.plist;
				INSTALL_PATH = "$(LOCAL_LIBRARY_DIR)/Bundles";
				PRODUCT_BUNDLE_IDENTIFIER = nl.battaglia.ZMQInterface;
				PRODUCT_NAME = "$(TARGET_NAME)";
				SKIP_INSTALL = YES;
				WRAPPER_EXTENSION = bundle;
			};
			name = Release;
		};
/* End XCBuildConfiguration section */

/* Begin XCConfigurationList section */
		F7F7D1861D5E181500DCF6CF /* Build configuration list for PBXProject "ZMQInterface" */ = {
			isa = XCConfigurationList;
			buildConfigurations = (
				F7F7D18F1D5E181500DCF6CF /* Debug */,
				F7F7D1901D5E181500DCF6CF /* Release */,
			);
			defaultConfigurationIsVisible = 0;
			defaultConfigurationName = Release;
		};
		F7F7D1911D5E181500DCF6CF /* Build configuration list for PBXNativeTarget "ZMQInterface" */ = {
			isa = XCConfigurationList;
			buildConfigurations = (
				F7F7D1921D5E181500DCF6CF /* Debug */,
				F7F7D1931D5E181500DCF6CF /* Release */,
			);
			defaultConfigurationIsVisible = 0;
			defaultConfigurationName = Release;
		};
/* End XCConfigurationList section */
	};
	rootObject = F7F7D1831D5E181500DCF6CF /* Project object */;
}
